
Microsoft Visual Studio Solution File, Format Version 12.00
# Visual Studio Version 16
VisualStudioVersion = 16.0.31624.102
MinimumVisualStudioVersion = 10.0.40219.1
Project("{FAE04EC0-301F-11D3-BF4B-00C04F79EFBC}") = "UpGTManute", "UpGTManute\UpGTManute.csproj", "{1438E6BB-6D12-471E-B321-369B9E638767}"
EndProject
Global
	GlobalSection(SolutionConfigurationPlatforms) = preSolution
		Debug|Any CPU = Debug|Any CPU
		Release|Any CPU = Release|Any CPU
	EndGlobalSection
	GlobalSection(ProjectConfigurationPlatforms) = postSolution
		{1438E6BB-6D12-471E-B321-369B9E638767}.Debug|Any CPU.ActiveCfg = Debug|Any CPU
		{1438E6BB-6D12-471E-B321-369B9E638767}.Debug|Any CPU.Build.0 = Debug|Any CPU
		{1438E6BB-6D12-471E-B321-369B9E638767}.Release|Any CPU.ActiveCfg = Release|Any CPU
		{1438E6BB-6D12-471E-B321-369B9E638767}.Release|Any CPU.Build.0 = Release|Any CPU
	EndGlobalSection
	GlobalSection(SolutionProperties) = preSolution
		HideSolutionNode = FALSE
	EndGlobalSection
	GlobalSection(ExtensibilityGlobals) = postSolution
		SolutionGuid = {821D9832-6BAD-488C-9C30-E5004BBF5EA1}
	EndGlobalSection
EndGlobal
